{
  "nodes": {
    "blank": {
      "locked": {
        "lastModified": 1625557891,
        "narHash": "sha256-O8/MWsPBGhhyPoPLHZAuoZiiHo9q6FLlEeIDEXuj6T4=",
        "owner": "divnix",
        "repo": "blank",
        "rev": "5a5d2684073d9f563072ed07c871d577a6c614a8",
        "type": "github"
      },
      "original": {
        "owner": "divnix",
        "repo": "blank",
        "type": "github"
      }
    },
    "blank_2": {
      "locked": {
        "lastModified": 1625557891,
        "narHash": "sha256-O8/MWsPBGhhyPoPLHZAuoZiiHo9q6FLlEeIDEXuj6T4=",
        "owner": "divnix",
        "repo": "blank",
        "rev": "5a5d2684073d9f563072ed07c871d577a6c614a8",
        "type": "github"
      },
      "original": {
        "owner": "divnix",
        "repo": "blank",
        "type": "github"
      }
    },
    "blank_3": {
      "locked": {
        "lastModified": 1625557891,
        "narHash": "sha256-O8/MWsPBGhhyPoPLHZAuoZiiHo9q6FLlEeIDEXuj6T4=",
        "owner": "divnix",
        "repo": "blank",
        "rev": "5a5d2684073d9f563072ed07c871d577a6c614a8",
        "type": "github"
      },
      "original": {
        "owner": "divnix",
        "repo": "blank",
        "type": "github"
      }
    },
    "cells-lab": {
      "inputs": {
        "nixos": "nixos_2",
        "nixpkgs": "nixpkgs_3",
        "org-roam-book-template": "org-roam-book-template_2",
        "std": "std_2",
        "xnlib": "xnlib"
      },
      "locked": {
        "lastModified": 1673298202,
        "narHash": "sha256-5Rvu1AP42aPp8DK3Kb7INH17q9wJZblYpEnIw2vyruM=",
        "owner": "GTrunSec",
        "repo": "cells-lab",
        "rev": "cf6e09978a3342c81fbfcd2c4f81b6129d8fb0d4",
        "type": "github"
      },
      "original": {
        "owner": "GTrunSec",
        "repo": "cells-lab",
        "type": "github"
      }
    },
    "cortex": {
      "flake": false,
      "locked": {
        "lastModified": 1643528409,
        "narHash": "sha256-ldmenmCzCEuuBlMtaQYe79vYbcTORgkCXgYgGkOzkL8=",
        "owner": "gtrunsec",
        "repo": "cortex",
        "rev": "ad9a963534e5be323a33eaf0f9aa3e914cca8093",
        "type": "github"
      },
      "original": {
        "owner": "gtrunsec",
        "repo": "cortex",
        "type": "github"
      }
    },
    "cortex_2": {
      "flake": false,
      "locked": {
        "lastModified": 1643528409,
        "narHash": "sha256-ldmenmCzCEuuBlMtaQYe79vYbcTORgkCXgYgGkOzkL8=",
        "owner": "gtrunsec",
        "repo": "cortex",
        "rev": "ad9a963534e5be323a33eaf0f9aa3e914cca8093",
        "type": "github"
      },
      "original": {
        "owner": "gtrunsec",
        "repo": "cortex",
        "type": "github"
      }
    },
    "cortex_3": {
      "flake": false,
      "locked": {
        "lastModified": 1643528409,
        "narHash": "sha256-ldmenmCzCEuuBlMtaQYe79vYbcTORgkCXgYgGkOzkL8=",
        "owner": "gtrunsec",
        "repo": "cortex",
        "rev": "ad9a963534e5be323a33eaf0f9aa3e914cca8093",
        "type": "github"
      },
      "original": {
        "owner": "gtrunsec",
        "repo": "cortex",
        "type": "github"
      }
    },
    "devshell": {
      "inputs": {
        "flake-utils": [
          "diagram2nix",
          "std-ext",
          "std",
          "flake-utils"
        ],
        "nixpkgs": [
          "diagram2nix",
          "std-ext",
          "std",
          "nixpkgs"
        ]
      },
      "locked": {
        "lastModified": 1678957337,
        "narHash": "sha256-Gw4nVbuKRdTwPngeOZQOzH/IFowmz4LryMPDiJN/ah4=",
        "owner": "numtide",
        "repo": "devshell",
        "rev": "3e0e60ab37cd0bf7ab59888f5c32499d851edb47",
        "type": "github"
      },
      "original": {
        "owner": "numtide",
        "repo": "devshell",
        "type": "github"
      }
    },
    "devshell_2": {
      "inputs": {
        "flake-utils": [
          "matrix-attack-data",
          "cells-lab",
          "std",
          "flake-utils"
        ],
        "nixpkgs": [
          "matrix-attack-data",
          "cells-lab",
          "std",
          "nixpkgs"
        ]
      },
      "locked": {
        "lastModified": 1663445644,
        "narHash": "sha256-+xVlcK60x7VY1vRJbNUEAHi17ZuoQxAIH4S4iUFUGBA=",
        "owner": "numtide",
        "repo": "devshell",
        "rev": "e3dc3e21594fe07bdb24bdf1c8657acaa4cb8f66",
        "type": "github"
      },
      "original": {
        "owner": "numtide",
        "repo": "devshell",
        "type": "github"
      }
    },
    "devshell_3": {
      "inputs": {
        "flake-utils": [
          "nixpkgs-hardenedlinux",
          "std-ext",
          "std",
          "flake-utils"
        ],
        "nixpkgs": [
          "nixpkgs-hardenedlinux",
          "std-ext",
          "std",
          "nixpkgs"
        ]
      },
      "locked": {
        "lastModified": 1678957337,
        "narHash": "sha256-Gw4nVbuKRdTwPngeOZQOzH/IFowmz4LryMPDiJN/ah4=",
        "owner": "numtide",
        "repo": "devshell",
        "rev": "3e0e60ab37cd0bf7ab59888f5c32499d851edb47",
        "type": "github"
      },
      "original": {
        "owner": "numtide",
        "repo": "devshell",
        "type": "github"
      }
    },
    "diagram2nix": {
      "inputs": {
        "nixpkgs": [
          "nixpkgs"
        ],
        "std": [
          "diagram2nix",
          "std-ext",
          "std"
        ],
        "std-ext": "std-ext"
      },
      "locked": {
        "lastModified": 1680343235,
        "narHash": "sha256-ua+4xbbWyBtMGgNn88Ijn8BRP+j/LZIweClXjZJrGG8=",
        "owner": "gtrunsec",
        "repo": "diagram2nix",
        "rev": "d6467aef8d36d6fcbc9ffce80c3680a644dc119e",
        "type": "github"
      },
      "original": {
        "owner": "gtrunsec",
        "repo": "diagram2nix",
        "type": "github"
      }
    },
    "digga": {
      "flake": false,
      "locked": {
        "lastModified": 1673030868,
        "narHash": "sha256-ScgEQyFdzmJQ8DxB0nsLbx5XZMBCbl3PSN4+VfasWhg=",
        "owner": "divnix",
        "repo": "digga",
        "rev": "bca4b89f497b8553dd9c0006e85c65e3e2937743",
        "type": "github"
      },
      "original": {
        "owner": "divnix",
        "repo": "digga",
        "type": "github"
      }
    },
    "dmerge": {
      "inputs": {
        "nixlib": [
          "diagram2nix",
          "std-ext",
          "std",
          "nixpkgs"
        ],
        "yants": [
          "diagram2nix",
          "std-ext",
          "std",
          "yants"
        ]
      },
      "locked": {
        "lastModified": 1659548052,
        "narHash": "sha256-fzI2gp1skGA8mQo/FBFrUAtY0GQkAIAaV/V127TJPyY=",
        "owner": "divnix",
        "repo": "data-merge",
        "rev": "d160d18ce7b1a45b88344aa3f13ed1163954b497",
        "type": "github"
      },
      "original": {
        "owner": "divnix",
        "repo": "data-merge",
        "type": "github"
      }
    },
    "dmerge_2": {
      "inputs": {
        "nixlib": [
          "matrix-attack-data",
          "cells-lab",
          "std",
          "nixpkgs"
        ],
        "yants": [
          "matrix-attack-data",
          "cells-lab",
          "std",
          "yants"
        ]
      },
      "locked": {
        "lastModified": 1659548052,
        "narHash": "sha256-fzI2gp1skGA8mQo/FBFrUAtY0GQkAIAaV/V127TJPyY=",
        "owner": "divnix",
        "repo": "data-merge",
        "rev": "d160d18ce7b1a45b88344aa3f13ed1163954b497",
        "type": "github"
      },
      "original": {
        "owner": "divnix",
        "repo": "data-merge",
        "type": "github"
      }
    },
    "dmerge_3": {
      "inputs": {
        "nixlib": [
          "nixpkgs-hardenedlinux",
          "std-ext",
          "std",
          "nixpkgs"
        ],
        "yants": [
          "nixpkgs-hardenedlinux",
          "std-ext",
          "std",
          "yants"
        ]
      },
      "locked": {
        "lastModified": 1659548052,
        "narHash": "sha256-fzI2gp1skGA8mQo/FBFrUAtY0GQkAIAaV/V127TJPyY=",
        "owner": "divnix",
        "repo": "data-merge",
        "rev": "d160d18ce7b1a45b88344aa3f13ed1163954b497",
        "type": "github"
      },
      "original": {
        "owner": "divnix",
        "repo": "data-merge",
        "type": "github"
      }
    },
    "emacs-overlay": {
      "inputs": {
        "flake-utils": "flake-utils",
        "nixpkgs": "nixpkgs_2"
      },
      "locked": {
        "lastModified": 1676258056,
        "narHash": "sha256-LhXVnPc+IPHupy7QexUrzYuloSGXvXEgvIkAlhFs+yY=",
        "owner": "nix-community",
        "repo": "emacs-overlay",
        "rev": "09ebba158540ba3171b5f319b71427b51db8794b",
        "type": "github"
      },
      "original": {
        "owner": "nix-community",
        "repo": "emacs-overlay",
        "type": "github"
      }
    },
    "emacs-overlay_2": {
      "inputs": {
        "flake-utils": "flake-utils_4",
        "nixpkgs": "nixpkgs_4"
      },
      "locked": {
        "lastModified": 1671505347,
        "narHash": "sha256-3MJrDwlXrGLOKBqimyA9wYIBW1Wve4YScM2ffbvRrrw=",
        "owner": "nix-community",
        "repo": "emacs-overlay",
        "rev": "56367de0ad78e1f1db0946ae896e4017d9dde785",
        "type": "github"
      },
      "original": {
        "owner": "nix-community",
        "repo": "emacs-overlay",
        "type": "github"
      }
    },
    "emacs-overlay_3": {
      "inputs": {
        "flake-utils": "flake-utils_7",
        "nixpkgs": "nixpkgs_7"
      },
      "locked": {
        "lastModified": 1676258056,
        "narHash": "sha256-LhXVnPc+IPHupy7QexUrzYuloSGXvXEgvIkAlhFs+yY=",
        "owner": "nix-community",
        "repo": "emacs-overlay",
        "rev": "09ebba158540ba3171b5f319b71427b51db8794b",
        "type": "github"
      },
      "original": {
        "owner": "nix-community",
        "repo": "emacs-overlay",
        "type": "github"
      }
    },
    "flake-compat": {
      "flake": false,
      "locked": {
        "lastModified": 1673956053,
        "narHash": "sha256-4gtG9iQuiKITOjNQQeQIpoIB6b16fm+504Ch3sNKLd8=",
        "owner": "edolstra",
        "repo": "flake-compat",
        "rev": "35bb57c0c8d8b62bbfd284272c928ceb64ddbde9",
        "type": "github"
      },
      "original": {
        "owner": "edolstra",
        "repo": "flake-compat",
        "type": "github"
      }
    },
    "flake-compat_2": {
      "flake": false,
      "locked": {
        "lastModified": 1668681692,
        "narHash": "sha256-Ht91NGdewz8IQLtWZ9LCeNXMSXHUss+9COoqu6JLmXU=",
        "owner": "edolstra",
        "repo": "flake-compat",
        "rev": "009399224d5e398d03b22badca40a37ac85412a1",
        "type": "github"
      },
      "original": {
        "owner": "edolstra",
        "repo": "flake-compat",
        "type": "github"
      }
    },
    "flake-compat_3": {
      "flake": false,
      "locked": {
        "lastModified": 1673956053,
        "narHash": "sha256-4gtG9iQuiKITOjNQQeQIpoIB6b16fm+504Ch3sNKLd8=",
        "owner": "edolstra",
        "repo": "flake-compat",
        "rev": "35bb57c0c8d8b62bbfd284272c928ceb64ddbde9",
        "type": "github"
      },
      "original": {
        "owner": "edolstra",
        "repo": "flake-compat",
        "type": "github"
      }
    },
    "flake-utils": {
      "locked": {
        "lastModified": 1667395993,
        "narHash": "sha256-nuEHfE/LcWyuSWnS8t12N1wc105Qtau+/OdUAjtQ0rA=",
        "owner": "numtide",
        "repo": "flake-utils",
        "rev": "5aed5285a952e0b949eb3ba02c12fa4fcfef535f",
        "type": "github"
      },
      "original": {
        "owner": "numtide",
        "repo": "flake-utils",
        "type": "github"
      }
    },
    "flake-utils_10": {
      "inputs": {
        "systems": "systems"
      },
      "locked": {
        "lastModified": 1681202837,
        "narHash": "sha256-H+Rh19JDwRtpVPAWp64F+rlEtxUWBAQW28eAi3SRSzg=",
        "owner": "numtide",
        "repo": "flake-utils",
        "rev": "cfacdce06f30d2b68473a46042957675eebb3401",
        "type": "github"
      },
      "original": {
        "owner": "numtide",
        "repo": "flake-utils",
        "type": "github"
      }
    },
    "flake-utils_2": {
      "locked": {
        "lastModified": 1667395993,
        "narHash": "sha256-nuEHfE/LcWyuSWnS8t12N1wc105Qtau+/OdUAjtQ0rA=",
        "owner": "numtide",
        "repo": "flake-utils",
        "rev": "5aed5285a952e0b949eb3ba02c12fa4fcfef535f",
        "type": "github"
      },
      "original": {
        "owner": "numtide",
        "repo": "flake-utils",
        "type": "github"
      }
    },
    "flake-utils_3": {
      "locked": {
        "lastModified": 1659877975,
        "narHash": "sha256-zllb8aq3YO3h8B/U0/J1WBgAL8EX5yWf5pMj3G0NAmc=",
        "owner": "numtide",
        "repo": "flake-utils",
        "rev": "c0e246b9b83f637f4681389ecabcb2681b4f3af0",
        "type": "github"
      },
      "original": {
        "owner": "numtide",
        "repo": "flake-utils",
        "type": "github"
      }
    },
    "flake-utils_4": {
      "locked": {
        "lastModified": 1667395993,
        "narHash": "sha256-nuEHfE/LcWyuSWnS8t12N1wc105Qtau+/OdUAjtQ0rA=",
        "owner": "numtide",
        "repo": "flake-utils",
        "rev": "5aed5285a952e0b949eb3ba02c12fa4fcfef535f",
        "type": "github"
      },
      "original": {
        "owner": "numtide",
        "repo": "flake-utils",
        "type": "github"
      }
    },
    "flake-utils_5": {
      "locked": {
        "lastModified": 1667395993,
        "narHash": "sha256-nuEHfE/LcWyuSWnS8t12N1wc105Qtau+/OdUAjtQ0rA=",
        "owner": "numtide",
        "repo": "flake-utils",
        "rev": "5aed5285a952e0b949eb3ba02c12fa4fcfef535f",
        "type": "github"
      },
      "original": {
        "owner": "numtide",
        "repo": "flake-utils",
        "type": "github"
      }
    },
    "flake-utils_6": {
      "locked": {
        "lastModified": 1659877975,
        "narHash": "sha256-zllb8aq3YO3h8B/U0/J1WBgAL8EX5yWf5pMj3G0NAmc=",
        "owner": "numtide",
        "repo": "flake-utils",
        "rev": "c0e246b9b83f637f4681389ecabcb2681b4f3af0",
        "type": "github"
      },
      "original": {
        "owner": "numtide",
        "repo": "flake-utils",
        "type": "github"
      }
    },
    "flake-utils_7": {
      "locked": {
        "lastModified": 1667395993,
        "narHash": "sha256-nuEHfE/LcWyuSWnS8t12N1wc105Qtau+/OdUAjtQ0rA=",
        "owner": "numtide",
        "repo": "flake-utils",
        "rev": "5aed5285a952e0b949eb3ba02c12fa4fcfef535f",
        "type": "github"
      },
      "original": {
        "owner": "numtide",
        "repo": "flake-utils",
        "type": "github"
      }
    },
    "flake-utils_8": {
      "locked": {
        "lastModified": 1667395993,
        "narHash": "sha256-nuEHfE/LcWyuSWnS8t12N1wc105Qtau+/OdUAjtQ0rA=",
        "owner": "numtide",
        "repo": "flake-utils",
        "rev": "5aed5285a952e0b949eb3ba02c12fa4fcfef535f",
        "type": "github"
      },
      "original": {
        "owner": "numtide",
        "repo": "flake-utils",
        "type": "github"
      }
    },
    "flake-utils_9": {
      "locked": {
        "lastModified": 1659877975,
        "narHash": "sha256-zllb8aq3YO3h8B/U0/J1WBgAL8EX5yWf5pMj3G0NAmc=",
        "owner": "numtide",
        "repo": "flake-utils",
        "rev": "c0e246b9b83f637f4681389ecabcb2681b4f3af0",
        "type": "github"
      },
      "original": {
        "owner": "numtide",
        "repo": "flake-utils",
        "type": "github"
      }
    },
    "incl": {
      "inputs": {
        "nixlib": [
          "diagram2nix",
          "std-ext",
          "std",
          "nixpkgs"
        ]
      },
      "locked": {
        "lastModified": 1669263024,
        "narHash": "sha256-E/+23NKtxAqYG/0ydYgxlgarKnxmDbg6rCMWnOBqn9Q=",
        "owner": "divnix",
        "repo": "incl",
        "rev": "ce7bebaee048e4cd7ebdb4cee7885e00c4e2abca",
        "type": "github"
      },
      "original": {
        "owner": "divnix",
        "repo": "incl",
        "type": "github"
      }
    },
    "incl_2": {
      "inputs": {
        "nixlib": [
          "matrix-attack-data",
          "cells-lab",
          "std",
          "nixpkgs"
        ]
      },
      "locked": {
        "lastModified": 1669263024,
        "narHash": "sha256-E/+23NKtxAqYG/0ydYgxlgarKnxmDbg6rCMWnOBqn9Q=",
        "owner": "divnix",
        "repo": "incl",
        "rev": "ce7bebaee048e4cd7ebdb4cee7885e00c4e2abca",
        "type": "github"
      },
      "original": {
        "owner": "divnix",
        "repo": "incl",
        "type": "github"
      }
    },
    "incl_3": {
      "inputs": {
        "nixlib": [
          "nixpkgs-hardenedlinux",
          "std-ext",
          "std",
          "nixpkgs"
        ]
      },
      "locked": {
        "lastModified": 1669263024,
        "narHash": "sha256-E/+23NKtxAqYG/0ydYgxlgarKnxmDbg6rCMWnOBqn9Q=",
        "owner": "divnix",
        "repo": "incl",
        "rev": "ce7bebaee048e4cd7ebdb4cee7885e00c4e2abca",
        "type": "github"
      },
      "original": {
        "owner": "divnix",
        "repo": "incl",
        "type": "github"
      }
    },
    "jnumpy": {
      "flake": false,
      "locked": {
        "lastModified": 1673586324,
        "narHash": "sha256-etI2Ys9btWksJZha66QwDsbo3PX1MAL+pB5rUSrmuGs=",
        "owner": "Suzhou-Tongyuan",
        "repo": "jnumpy",
        "rev": "67471561813bb9d0acd78cf157521789f7b0c62a",
        "type": "github"
      },
      "original": {
        "owner": "Suzhou-Tongyuan",
        "repo": "jnumpy",
        "type": "github"
      }
    },
    "matrix-attack-data": {
      "inputs": {
        "cells-lab": "cells-lab",
        "nixpkgs": [
          "nixpkgs"
        ],
        "std": [
          "matrix-attack-data",
          "cells-lab",
          "std"
        ]
      },
      "locked": {
        "lastModified": 1679305105,
        "narHash": "sha256-W70XAB/PeQ2YuLydAa0LMiuvn/5FKjbgaj6zPQzu6Q0=",
        "owner": "GTrunSec",
        "repo": "matrix-attack-data",
        "rev": "25aae68d8f5c6f229040bb9aa817c015e0db287a",
        "type": "github"
      },
      "original": {
        "owner": "GTrunSec",
        "repo": "matrix-attack-data",
        "type": "github"
      }
    },
    "n2c": {
      "inputs": {
        "flake-utils": [
          "diagram2nix",
          "std-ext",
          "std",
          "flake-utils"
        ],
        "nixpkgs": [
          "diagram2nix",
          "std-ext",
          "std",
          "nixpkgs"
        ]
      },
      "locked": {
        "lastModified": 1677330646,
        "narHash": "sha256-hUYCwJneMjnxTvj30Fjow6UMJUITqHlpUGpXMPXUJsU=",
        "owner": "nlewo",
        "repo": "nix2container",
        "rev": "ebca8f58d450cae1a19c07701a5a8ae40afc9efc",
        "type": "github"
      },
      "original": {
        "owner": "nlewo",
        "repo": "nix2container",
        "type": "github"
      }
    },
    "n2c_2": {
      "inputs": {
        "flake-utils": [
          "matrix-attack-data",
          "cells-lab",
          "std",
          "flake-utils"
        ],
        "nixpkgs": [
          "matrix-attack-data",
          "cells-lab",
          "std",
          "nixpkgs"
        ]
      },
      "locked": {
        "lastModified": 1665039323,
        "narHash": "sha256-SAh3ZjFGsaCI8FRzXQyp56qcGdAqgKEfJWPCQ0Sr7tQ=",
        "owner": "nlewo",
        "repo": "nix2container",
        "rev": "b008fe329ffb59b67bf9e7b08ede6ee792f2741a",
        "type": "github"
      },
      "original": {
        "owner": "nlewo",
        "repo": "nix2container",
        "type": "github"
      }
    },
    "n2c_3": {
      "inputs": {
        "flake-utils": [
          "nixpkgs-hardenedlinux",
          "std-ext",
          "std",
          "flake-utils"
        ],
        "nixpkgs": [
          "nixpkgs-hardenedlinux",
          "std-ext",
          "std",
          "nixpkgs"
        ]
      },
      "locked": {
        "lastModified": 1677330646,
        "narHash": "sha256-hUYCwJneMjnxTvj30Fjow6UMJUITqHlpUGpXMPXUJsU=",
        "owner": "nlewo",
        "repo": "nix2container",
        "rev": "ebca8f58d450cae1a19c07701a5a8ae40afc9efc",
        "type": "github"
      },
      "original": {
        "owner": "nlewo",
        "repo": "nix2container",
        "type": "github"
      }
    },
    "nix-filter": {
      "locked": {
        "lastModified": 1666547822,
        "narHash": "sha256-razwnAybPHyoAyhkKCwXdxihIqJi1G6e1XP4FQOJTEs=",
        "owner": "numtide",
        "repo": "nix-filter",
        "rev": "1a3b735e13e90a8d2fd5629f2f8363bd7ffbbec7",
        "type": "github"
      },
      "original": {
        "owner": "numtide",
        "repo": "nix-filter",
        "type": "github"
      }
    },
    "nix-filter_2": {
      "locked": {
        "lastModified": 1666547822,
        "narHash": "sha256-razwnAybPHyoAyhkKCwXdxihIqJi1G6e1XP4FQOJTEs=",
        "owner": "numtide",
        "repo": "nix-filter",
        "rev": "1a3b735e13e90a8d2fd5629f2f8363bd7ffbbec7",
        "type": "github"
      },
      "original": {
        "owner": "numtide",
        "repo": "nix-filter",
        "type": "github"
      }
    },
    "nix-filter_3": {
      "locked": {
        "lastModified": 1666547822,
        "narHash": "sha256-razwnAybPHyoAyhkKCwXdxihIqJi1G6e1XP4FQOJTEs=",
        "owner": "numtide",
        "repo": "nix-filter",
        "rev": "1a3b735e13e90a8d2fd5629f2f8363bd7ffbbec7",
        "type": "github"
      },
      "original": {
        "owner": "numtide",
        "repo": "nix-filter",
        "type": "github"
      }
    },
    "nix-std": {
      "locked": {
        "lastModified": 1671250799,
        "narHash": "sha256-uPIakP98gOf6504NtrAb2/0O0BgRRXNShM0PTV8z+T0=",
        "owner": "chessai",
        "repo": "nix-std",
        "rev": "b300fd6dfeae8cc331c7d8cde0e81b404d50d40c",
        "type": "github"
      },
      "original": {
        "owner": "chessai",
        "repo": "nix-std",
        "type": "github"
      }
    },
    "nixago": {
      "inputs": {
        "flake-utils": [
          "diagram2nix",
          "std-ext",
          "std",
          "flake-utils"
        ],
        "nixago-exts": [
          "diagram2nix",
          "std-ext",
          "std",
          "blank"
        ],
        "nixpkgs": [
          "diagram2nix",
          "std-ext",
          "std",
          "nixpkgs"
        ]
      },
      "locked": {
        "lastModified": 1676075813,
        "narHash": "sha256-X/aIT8Qc8UCqnxJvaZykx3CJ0ZnDFvO+dqp/7fglZWo=",
        "owner": "nix-community",
        "repo": "nixago",
        "rev": "9cab4dde31ec2f2c05d702ea8648ce580664e906",
        "type": "github"
      },
      "original": {
        "owner": "nix-community",
        "repo": "nixago",
        "type": "github"
      }
    },
    "nixago_2": {
      "inputs": {
        "flake-utils": [
          "matrix-attack-data",
          "cells-lab",
          "std",
          "flake-utils"
        ],
        "nixago-exts": [
          "matrix-attack-data",
          "cells-lab",
          "std",
          "blank"
        ],
        "nixpkgs": [
          "matrix-attack-data",
          "cells-lab",
          "std",
          "nixpkgs"
        ]
      },
      "locked": {
        "lastModified": 1661824785,
        "narHash": "sha256-/PnwdWoO/JugJZHtDUioQp3uRiWeXHUdgvoyNbXesz8=",
        "owner": "nix-community",
        "repo": "nixago",
        "rev": "8c1f9e5f1578d4b2ea989f618588d62a335083c3",
        "type": "github"
      },
      "original": {
        "owner": "nix-community",
        "repo": "nixago",
        "type": "github"
      }
    },
    "nixago_3": {
      "inputs": {
        "flake-utils": [
          "nixpkgs-hardenedlinux",
          "std-ext",
          "std",
          "flake-utils"
        ],
        "nixago-exts": [
          "nixpkgs-hardenedlinux",
          "std-ext",
          "std",
          "blank"
        ],
        "nixpkgs": [
          "nixpkgs-hardenedlinux",
          "std-ext",
          "std",
          "nixpkgs"
        ]
      },
      "locked": {
        "lastModified": 1676075813,
        "narHash": "sha256-X/aIT8Qc8UCqnxJvaZykx3CJ0ZnDFvO+dqp/7fglZWo=",
        "owner": "nix-community",
        "repo": "nixago",
        "rev": "9cab4dde31ec2f2c05d702ea8648ce580664e906",
        "type": "github"
      },
      "original": {
        "owner": "nix-community",
        "repo": "nixago",
        "type": "github"
      }
    },
    "nixlib": {
      "locked": {
        "lastModified": 1672534360,
        "narHash": "sha256-4r25ZnSyGM3wSuXhAMzROTIvIEqPwAx/L9hjbXDJB2c=",
        "owner": "nix-community",
        "repo": "nixpkgs.lib",
        "rev": "360b002d33d735931db40cdd5ddb4f9ba4ba5804",
        "type": "github"
      },
      "original": {
        "owner": "nix-community",
        "repo": "nixpkgs.lib",
        "type": "github"
      }
    },
    "nixos": {
      "locked": {
        "lastModified": 1679966490,
        "narHash": "sha256-k0jV+y1jawE6w4ZvKgXDNg4+O9NNtcaWwzw8gufv0b4=",
        "owner": "NixOS",
        "repo": "nixpkgs",
        "rev": "5b7cd5c39befee629be284970415b6eb3b0ff000",
        "type": "github"
      },
      "original": {
        "owner": "NixOS",
        "ref": "nixos-22.11",
        "repo": "nixpkgs",
        "type": "github"
      }
    },
    "nixos_2": {
      "locked": {
        "lastModified": 1672844754,
        "narHash": "sha256-o26WabuHABQsaHxxmIrR3AQRqDFUEdLckLXkVCpIjSU=",
        "owner": "NixOS",
        "repo": "nixpkgs",
        "rev": "e9ade2c8240e00a4784fac282a502efff2786bdc",
        "type": "github"
      },
      "original": {
        "owner": "NixOS",
        "ref": "nixos-22.11",
        "repo": "nixpkgs",
        "type": "github"
      }
    },
    "nixos_3": {
      "locked": {
        "lastModified": 1679966490,
        "narHash": "sha256-k0jV+y1jawE6w4ZvKgXDNg4+O9NNtcaWwzw8gufv0b4=",
        "owner": "NixOS",
        "repo": "nixpkgs",
        "rev": "5b7cd5c39befee629be284970415b6eb3b0ff000",
        "type": "github"
      },
      "original": {
        "owner": "NixOS",
        "ref": "nixos-22.11",
        "repo": "nixpkgs",
        "type": "github"
      }
    },
    "nixpkgs": {
      "locked": {
        "lastModified": 1675940568,
        "narHash": "sha256-epG6pOT9V0kS+FUqd7R6/CWkgnZx2DMT5Veqo+y6G3c=",
        "owner": "NixOS",
        "repo": "nixpkgs",
        "rev": "6ccc4a59c3f1b56d039d93da52696633e641bc71",
        "type": "github"
      },
      "original": {
        "owner": "NixOS",
        "ref": "nixpkgs-unstable",
        "repo": "nixpkgs",
        "type": "github"
      }
    },
    "nixpkgs-hardenedlinux": {
      "inputs": {
        "nixos": [
          "nixpkgs-hardenedlinux",
          "std-ext",
          "nixos"
        ],
        "nixpkgs": [
          "nixpkgs"
        ],
        "org-roam-book-template": [
          "nixpkgs-hardenedlinux",
          "std-ext",
          "org-roam-book-template"
        ],
        "std": [
          "nixpkgs-hardenedlinux",
          "std-ext",
          "std"
        ],
        "std-data-collection": [
          "nixpkgs-hardenedlinux",
          "std-ext",
          "std-data-collection"
        ],
        "std-ext": "std-ext_2"
      },
      "locked": {
        "lastModified": 1682123900,
        "narHash": "sha256-nNnqGzQKiwpEsujsAFQlyWPwt+CtPwRKjDcw+11b0wY=",
        "owner": "hardenedlinux",
        "repo": "nixpkgs-hardenedlinux",
        "rev": "f190943f5c4bdaf132de34b3c5cc87dfb0a93e94",
        "type": "github"
      },
      "original": {
        "owner": "hardenedlinux",
        "repo": "nixpkgs-hardenedlinux",
        "type": "github"
      }
    },
    "nixpkgs_2": {
      "locked": {
        "lastModified": 1673540789,
        "narHash": "sha256-xqnxBOK3qctIeUVxecydrEDbEXjsvHCPGPbvsl63M/U=",
        "owner": "NixOS",
        "repo": "nixpkgs",
        "rev": "0f213d0fee84280d8c3a97f7469b988d6fe5fcdf",
        "type": "github"
      },
      "original": {
        "owner": "NixOS",
        "ref": "nixos-unstable",
        "repo": "nixpkgs",
        "type": "github"
      }
    },
    "nixpkgs_3": {
      "locked": {
        "lastModified": 1672997035,
        "narHash": "sha256-DNaNjsGMRYefBTAxFIrVOB2ok477cj1FTpqnu/mKRf4=",
        "owner": "NixOS",
        "repo": "nixpkgs",
        "rev": "f1ffcf798e93b169321106a4aef79526a2b4bd0a",
        "type": "github"
      },
      "original": {
        "owner": "NixOS",
        "ref": "nixpkgs-unstable",
        "repo": "nixpkgs",
        "type": "github"
      }
    },
    "nixpkgs_4": {
      "locked": {
        "lastModified": 1671417167,
        "narHash": "sha256-JkHam6WQOwZN1t2C2sbp1TqMv3TVRjzrdoejqfefwrM=",
        "owner": "NixOS",
        "repo": "nixpkgs",
        "rev": "bb31220cca6d044baa6dc2715b07497a2a7c4bc7",
        "type": "github"
      },
      "original": {
        "id": "nixpkgs",
        "type": "indirect"
      }
    },
    "nixpkgs_5": {
      "locked": {
        "lastModified": 1675940568,
        "narHash": "sha256-epG6pOT9V0kS+FUqd7R6/CWkgnZx2DMT5Veqo+y6G3c=",
        "owner": "NixOS",
        "repo": "nixpkgs",
        "rev": "6ccc4a59c3f1b56d039d93da52696633e641bc71",
        "type": "github"
      },
      "original": {
        "owner": "NixOS",
        "repo": "nixpkgs",
        "rev": "6ccc4a59c3f1b56d039d93da52696633e641bc71",
        "type": "github"
      }
    },
    "nixpkgs_6": {
      "locked": {
        "lastModified": 1675940568,
        "narHash": "sha256-epG6pOT9V0kS+FUqd7R6/CWkgnZx2DMT5Veqo+y6G3c=",
        "owner": "NixOS",
        "repo": "nixpkgs",
        "rev": "6ccc4a59c3f1b56d039d93da52696633e641bc71",
        "type": "github"
      },
      "original": {
        "owner": "NixOS",
        "ref": "nixpkgs-unstable",
        "repo": "nixpkgs",
        "type": "github"
      }
    },
    "nixpkgs_7": {
      "locked": {
        "lastModified": 1673540789,
        "narHash": "sha256-xqnxBOK3qctIeUVxecydrEDbEXjsvHCPGPbvsl63M/U=",
        "owner": "NixOS",
        "repo": "nixpkgs",
        "rev": "0f213d0fee84280d8c3a97f7469b988d6fe5fcdf",
        "type": "github"
      },
      "original": {
        "owner": "NixOS",
        "ref": "nixos-unstable",
        "repo": "nixpkgs",
        "type": "github"
      }
    },
    "nosys": {
      "locked": {
        "lastModified": 1668010795,
        "narHash": "sha256-JBDVBnos8g0toU7EhIIqQ1If5m/nyBqtHhL3sicdPwI=",
        "owner": "divnix",
        "repo": "nosys",
        "rev": "feade0141487801c71ff55623b421ed535dbdefa",
        "type": "github"
      },
      "original": {
        "owner": "divnix",
        "repo": "nosys",
        "type": "github"
      }
    },
    "nosys_2": {
      "locked": {
        "lastModified": 1667881534,
        "narHash": "sha256-FhwJ15uPLRsvaxtt/bNuqE/ykMpNAPF0upozFKhTtXM=",
        "owner": "divnix",
        "repo": "nosys",
        "rev": "2d0d5207f6a230e9d0f660903f8db9807b54814f",
        "type": "github"
      },
      "original": {
        "owner": "divnix",
        "repo": "nosys",
        "type": "github"
      }
    },
    "nosys_3": {
      "locked": {
        "lastModified": 1668010795,
        "narHash": "sha256-JBDVBnos8g0toU7EhIIqQ1If5m/nyBqtHhL3sicdPwI=",
        "owner": "divnix",
        "repo": "nosys",
        "rev": "feade0141487801c71ff55623b421ed535dbdefa",
        "type": "github"
      },
      "original": {
        "owner": "divnix",
        "repo": "nosys",
        "type": "github"
      }
    },
    "org-roam-book-template": {
      "inputs": {
        "cortex": "cortex",
        "emacs-overlay": "emacs-overlay",
        "flake-compat": "flake-compat",
        "flake-utils": "flake-utils_2",
        "nix-filter": "nix-filter",
        "nixpkgs": [
          "diagram2nix",
          "std-ext",
          "nixpkgs"
        ],
        "ox-hugo": "ox-hugo"
      },
      "locked": {
        "lastModified": 1676267610,
        "narHash": "sha256-rweyZN0cRYY9Uoeo/94Sa1DHgBI2NRXC+/iNdqypptc=",
        "owner": "gtrunsec",
        "repo": "org-roam-book-template",
        "rev": "fd76272fb78c5fae39e7bd8e8c8165ca85fa2d1a",
        "type": "github"
      },
      "original": {
        "owner": "gtrunsec",
        "repo": "org-roam-book-template",
        "type": "github"
      }
    },
    "org-roam-book-template_2": {
      "inputs": {
        "cortex": "cortex_2",
        "emacs-overlay": "emacs-overlay_2",
        "flake-compat": "flake-compat_2",
        "flake-utils": "flake-utils_5",
        "nix-filter": "nix-filter_2",
        "nixpkgs": [
          "matrix-attack-data",
          "cells-lab",
          "nixpkgs"
        ],
        "ox-hugo": "ox-hugo_2"
      },
      "locked": {
        "lastModified": 1671618263,
        "narHash": "sha256-tqud3OkRr3N7R764UwZLsveAcvJF1YVj+BoWKiKNbO4=",
        "owner": "gtrunsec",
        "repo": "org-roam-book-template",
        "rev": "15d2919a4e2ed5f6327fc3da3390ef868aa5f5a7",
        "type": "github"
      },
      "original": {
        "owner": "gtrunsec",
        "repo": "org-roam-book-template",
        "type": "github"
      }
    },
    "org-roam-book-template_3": {
      "inputs": {
        "cortex": "cortex_3",
        "emacs-overlay": "emacs-overlay_3",
        "flake-compat": "flake-compat_3",
        "flake-utils": "flake-utils_8",
        "nix-filter": "nix-filter_3",
        "nixpkgs": [
          "nixpkgs-hardenedlinux",
          "std-ext",
          "nixpkgs"
        ],
        "ox-hugo": "ox-hugo_3"
      },
      "locked": {
        "lastModified": 1676267610,
        "narHash": "sha256-rweyZN0cRYY9Uoeo/94Sa1DHgBI2NRXC+/iNdqypptc=",
        "owner": "gtrunsec",
        "repo": "org-roam-book-template",
        "rev": "fd76272fb78c5fae39e7bd8e8c8165ca85fa2d1a",
        "type": "github"
      },
      "original": {
        "owner": "gtrunsec",
        "repo": "org-roam-book-template",
        "type": "github"
      }
    },
    "ox-hugo": {
      "flake": false,
      "locked": {
        "lastModified": 1669851508,
        "narHash": "sha256-7m9B647uOBnSWYsxIfavlTCsT8loDm33v/epqYSUhLw=",
        "owner": "kaushalmodi",
        "repo": "ox-hugo",
        "rev": "706b5f622d168bb8e0cf503e0525d2db9177c83e",
        "type": "github"
      },
      "original": {
        "owner": "kaushalmodi",
        "repo": "ox-hugo",
        "type": "github"
      }
    },
    "ox-hugo_2": {
      "flake": false,
      "locked": {
        "lastModified": 1669851508,
        "narHash": "sha256-7m9B647uOBnSWYsxIfavlTCsT8loDm33v/epqYSUhLw=",
        "owner": "kaushalmodi",
        "repo": "ox-hugo",
        "rev": "706b5f622d168bb8e0cf503e0525d2db9177c83e",
        "type": "github"
      },
      "original": {
        "owner": "kaushalmodi",
        "repo": "ox-hugo",
        "type": "github"
      }
    },
    "ox-hugo_3": {
      "flake": false,
      "locked": {
        "lastModified": 1669851508,
        "narHash": "sha256-7m9B647uOBnSWYsxIfavlTCsT8loDm33v/epqYSUhLw=",
        "owner": "kaushalmodi",
        "repo": "ox-hugo",
        "rev": "706b5f622d168bb8e0cf503e0525d2db9177c83e",
        "type": "github"
      },
      "original": {
        "owner": "kaushalmodi",
        "repo": "ox-hugo",
        "type": "github"
      }
    },
    "paisano": {
      "inputs": {
        "nixpkgs": [
          "diagram2nix",
          "std-ext",
          "std",
          "nixpkgs"
        ],
        "nosys": "nosys",
        "yants": [
          "diagram2nix",
          "std-ext",
          "std",
          "yants"
        ]
      },
      "locked": {
        "lastModified": 1678949904,
        "narHash": "sha256-oAoF66hYYz1RPh3lEwb9/4e4iyBAfTbQKZRRQ8gP0Ds=",
        "owner": "paisano-nix",
        "repo": "core",
        "rev": "88f2aff10a5064551d1d4cb86800d17084489ce3",
        "type": "github"
      },
      "original": {
        "owner": "paisano-nix",
        "repo": "core",
        "type": "github"
      }
    },
    "paisano-tui": {
      "inputs": {
        "nixpkgs": [
          "diagram2nix",
          "std-ext",
          "std",
          "blank"
        ],
        "std": [
          "diagram2nix",
          "std-ext",
          "std"
        ]
      },
      "locked": {
        "lastModified": 1680306311,
        "narHash": "sha256-sqAEyHWG86iKKgueblykuh7rzLLlsIQMFF9tYPTXjls=",
        "owner": "paisano-nix",
        "repo": "tui",
        "rev": "1c84e604adb8907bc20ee5030bb124020ac79ace",
        "type": "github"
      },
      "original": {
        "owner": "paisano-nix",
        "repo": "tui",
        "type": "github"
      }
    },
    "paisano-tui_2": {
      "inputs": {
        "nixpkgs": [
          "nixpkgs-hardenedlinux",
          "std-ext",
          "std",
          "blank"
        ],
        "std": [
          "nixpkgs-hardenedlinux",
          "std-ext",
          "std"
        ]
      },
      "locked": {
        "lastModified": 1679537208,
        "narHash": "sha256-un32c8JO+JvsxnXuHKFMF7KA+76XDE5S7Q0HpGs0ZS4=",
        "owner": "paisano-nix",
        "repo": "tui",
        "rev": "f0272b3986fbf153322b6e1c8b13016830e3577a",
        "type": "github"
      },
      "original": {
        "owner": "paisano-nix",
        "repo": "tui",
        "type": "github"
      }
    },
    "paisano_2": {
      "inputs": {
        "nixpkgs": [
          "nixpkgs-hardenedlinux",
          "std-ext",
          "std",
          "nixpkgs"
        ],
        "nosys": "nosys_3",
        "yants": [
          "nixpkgs-hardenedlinux",
          "std-ext",
          "std",
          "yants"
        ]
      },
      "locked": {
        "lastModified": 1678949904,
        "narHash": "sha256-oAoF66hYYz1RPh3lEwb9/4e4iyBAfTbQKZRRQ8gP0Ds=",
        "owner": "paisano-nix",
        "repo": "core",
        "rev": "88f2aff10a5064551d1d4cb86800d17084489ce3",
        "type": "github"
      },
      "original": {
        "owner": "paisano-nix",
        "repo": "core",
        "type": "github"
      }
    },
    "poetry2nix": {
      "inputs": {
        "flake-utils": "flake-utils_10",
        "nixpkgs": [
          "nixpkgs"
        ]
      },
      "locked": {
        "lastModified": 1682472212,
        "narHash": "sha256-hjoi9rc1eqQGJQ4fUwDwoPSyPsNG5Pt6xPoFh8yVPoM=",
        "owner": "nix-community",
        "repo": "poetry2nix",
        "rev": "3c4f5a70a65174b5a9bdc62813c46d680279f4ef",
        "type": "github"
      },
      "original": {
        "owner": "nix-community",
        "repo": "poetry2nix",
        "type": "github"
      }
    },
    "root": {
      "inputs": {
        "diagram2nix": "diagram2nix",
        "jnumpy": "jnumpy",
        "matrix-attack-data": "matrix-attack-data",
        "nixpkgs": "nixpkgs_5",
        "nixpkgs-hardenedlinux": "nixpkgs-hardenedlinux",
        "poetry2nix": "poetry2nix"
      }
    },
    "std": {
      "inputs": {
        "arion": [
          "diagram2nix",
          "std-ext",
          "std",
          "blank"
        ],
        "blank": "blank",
        "devshell": "devshell",
        "dmerge": "dmerge",
        "flake-utils": "flake-utils_3",
        "incl": "incl",
        "makes": [
          "diagram2nix",
          "std-ext",
          "std",
          "blank"
        ],
        "microvm": [
          "diagram2nix",
          "std-ext",
          "std",
          "blank"
        ],
        "n2c": "n2c",
        "nixago": "nixago",
        "nixpkgs": [
          "diagram2nix",
          "std-ext",
          "nixpkgs"
        ],
        "paisano": "paisano",
        "paisano-tui": "paisano-tui",
        "yants": "yants"
      },
      "locked": {
        "lastModified": 1680306546,
        "narHash": "sha256-PZ1x1ZUxNW78BokrcHMKVnPmXD1421b+B2UG8zhcnek=",
        "owner": "divnix",
        "repo": "std",
        "rev": "c6091f64b9890c378f40735d9c7c6e75929b2ebc",
        "type": "github"
      },
      "original": {
        "owner": "divnix",
        "repo": "std",
        "type": "github"
      }
    },
    "std-data-collection": {
      "inputs": {
        "nixpkgs": [
          "diagram2nix",
          "std-ext",
          "nixpkgs"
        ],
        "std": [
          "diagram2nix",
          "std-ext",
          "std"
        ]
      },
      "locked": {
        "lastModified": 1676163535,
        "narHash": "sha256-xofkWLBqU4zj5vzJhWor2Z9CyPGKt7UGkTchsCT48Po=",
        "owner": "divnix",
        "repo": "std-data-collection",
        "rev": "f713d81a6197e1b0854fb201cc7acde5ef9e93d4",
        "type": "github"
      },
      "original": {
        "owner": "divnix",
        "repo": "std-data-collection",
        "type": "github"
      }
    },
    "std-data-collection_2": {
      "inputs": {
        "nixpkgs": [
          "nixpkgs-hardenedlinux",
          "std-ext",
          "nixpkgs"
        ],
        "std": [
          "nixpkgs-hardenedlinux",
          "std-ext",
          "std"
        ]
      },
      "locked": {
        "lastModified": 1676163535,
        "narHash": "sha256-xofkWLBqU4zj5vzJhWor2Z9CyPGKt7UGkTchsCT48Po=",
        "owner": "divnix",
        "repo": "std-data-collection",
        "rev": "f713d81a6197e1b0854fb201cc7acde5ef9e93d4",
        "type": "github"
      },
      "original": {
        "owner": "divnix",
        "repo": "std-data-collection",
        "type": "github"
      }
    },
    "std-ext": {
      "inputs": {
        "nixos": "nixos",
        "nixpkgs": "nixpkgs",
        "org-roam-book-template": "org-roam-book-template",
        "std": "std",
        "std-data-collection": "std-data-collection"
      },
      "locked": {
        "lastModified": 1680330118,
        "narHash": "sha256-8XD4ZJYPzYntW1cpGVEVkFO1wWq6auRsdJv3nJ3/+9s=",
        "owner": "GTrunSec",
        "repo": "std-ext",
        "rev": "9e3cd44504e7f1e1611a3b1e918395d2ee9c3710",
        "type": "github"
      },
      "original": {
        "owner": "GTrunSec",
        "repo": "std-ext",
        "type": "github"
      }
    },
    "std-ext_2": {
      "inputs": {
        "nixos": "nixos_3",
        "nixpkgs": "nixpkgs_6",
        "org-roam-book-template": "org-roam-book-template_3",
        "std": "std_3",
        "std-data-collection": "std-data-collection_2"
      },
      "locked": {
        "lastModified": 1680059551,
        "narHash": "sha256-zVtAP3V/7EMQEJWR3xV6TQ/uSHq9TqHnWL+BjLmFYzU=",
        "owner": "GTrunSec",
        "repo": "std-ext",
        "rev": "1c1f4840cd4f8cf0f1d8c275394c8a155e3cbd4a",
        "type": "github"
      },
      "original": {
        "owner": "GTrunSec",
        "repo": "std-ext",
        "type": "github"
      }
    },
    "std_2": {
      "inputs": {
        "arion": [
          "matrix-attack-data",
          "cells-lab",
          "std",
          "blank"
        ],
        "blank": "blank_2",
        "devshell": "devshell_2",
        "dmerge": "dmerge_2",
        "flake-utils": "flake-utils_6",
        "incl": "incl_2",
        "makes": [
          "matrix-attack-data",
          "cells-lab",
          "std",
          "blank"
        ],
        "microvm": [
          "matrix-attack-data",
          "cells-lab",
          "std",
          "blank"
        ],
        "n2c": "n2c_2",
        "nixago": "nixago_2",
        "nixpkgs": [
          "matrix-attack-data",
          "cells-lab",
          "nixpkgs"
        ],
        "nosys": "nosys_2",
        "yants": "yants_2"
      },
      "locked": {
        "lastModified": 1673297987,
        "narHash": "sha256-Iw12xBw/X9go0Y6XyaT0AFiJb7Y4wRPfAnfZ5R+N8LY=",
        "owner": "divnix",
        "repo": "std",
        "rev": "6d1a3fafb3195b0e009293e4cef9fdb19af9290f",
        "type": "github"
      },
      "original": {
        "owner": "divnix",
        "repo": "std",
        "type": "github"
      }
    },
    "std_3": {
      "inputs": {
        "arion": [
          "nixpkgs-hardenedlinux",
          "std-ext",
          "std",
          "blank"
        ],
        "blank": "blank_3",
        "devshell": "devshell_3",
        "dmerge": "dmerge_3",
        "flake-utils": "flake-utils_9",
        "incl": "incl_3",
        "makes": [
          "nixpkgs-hardenedlinux",
          "std-ext",
          "std",
          "blank"
        ],
        "microvm": [
          "nixpkgs-hardenedlinux",
          "std-ext",
          "std",
          "blank"
        ],
        "n2c": "n2c_3",
        "nixago": "nixago_3",
        "nixpkgs": [
          "nixpkgs-hardenedlinux",
          "std-ext",
          "nixpkgs"
        ],
        "paisano": "paisano_2",
        "paisano-tui": "paisano-tui_2",
        "yants": "yants_3"
      },
      "locked": {
        "lastModified": 1680033732,
        "narHash": "sha256-QNRFhF00pRoYKdpYrBKp9RhrXXr7yUNHutn2GrvP3nA=",
        "owner": "divnix",
        "repo": "std",
        "rev": "b553795c95bcffac795ac48f3c6a0d3c073924a9",
        "type": "github"
      },
      "original": {
        "owner": "divnix",
        "repo": "std",
        "type": "github"
      }
    },
    "systems": {
      "locked": {
        "lastModified": 1681028828,
        "narHash": "sha256-Vy1rq5AaRuLzOxct8nz4T6wlgyUR7zLU309k9mBC768=",
        "owner": "nix-systems",
        "repo": "default",
        "rev": "da67096a3b9bf56a91d16901293e51ba5b49a27e",
        "type": "github"
      },
      "original": {
        "owner": "nix-systems",
        "repo": "default",
        "type": "github"
      }
    },
    "xnlib": {
      "inputs": {
        "digga": "digga",
        "nix-std": "nix-std",
        "nixlib": "nixlib",
        "nixpkgs": [
          "matrix-attack-data",
          "cells-lab",
          "nixpkgs"
        ],
        "std": [
          "matrix-attack-data",
          "cells-lab",
          "std"
        ],
        "xnlib": "xnlib_2"
      },
      "locked": {
        "lastModified": 1673050716,
        "narHash": "sha256-oJv6E56AOE+FA7txDlvk1CSM4IszUAhriVRfViXVgpw=",
        "owner": "gtrunsec",
        "repo": "xnlib",
        "rev": "ea1a23b3642c908cb74e01688723740445879052",
        "type": "github"
      },
      "original": {
        "owner": "gtrunsec",
        "repo": "xnlib",
        "type": "github"
      }
    },
    "xnlib_2": {
      "inputs": {
        "nixpkgs": [
          "matrix-attack-data",
          "cells-lab",
          "xnlib",
          "nixpkgs"
        ]
      },
      "locked": {
        "lastModified": 1656163058,
        "narHash": "sha256-H6uPHeX6Hc2UyJiYUet+WU1CESu4AF6ZwlORmSMQM40=",
        "owner": "ArctarusLimited",
        "repo": "xnlib",
        "rev": "905fbe51679a3a4163d358f893a05b22c714f1df",
        "type": "github"
      },
      "original": {
        "owner": "ArctarusLimited",
        "repo": "xnlib",
        "type": "github"
      }
    },
    "yants": {
      "inputs": {
        "nixpkgs": [
          "diagram2nix",
          "std-ext",
          "std",
          "nixpkgs"
        ]
      },
      "locked": {
        "lastModified": 1667096281,
        "narHash": "sha256-wRRec6ze0gJHmGn6m57/zhz/Kdvp9HS4Nl5fkQ+uIuA=",
        "owner": "divnix",
        "repo": "yants",
        "rev": "d18f356ec25cb94dc9c275870c3a7927a10f8c3c",
        "type": "github"
      },
      "original": {
        "owner": "divnix",
        "repo": "yants",
        "type": "github"
      }
    },
    "yants_2": {
      "inputs": {
        "nixpkgs": [
          "matrix-attack-data",
          "cells-lab",
          "std",
          "nixpkgs"
        ]
      },
      "locked": {
        "lastModified": 1667096281,
        "narHash": "sha256-wRRec6ze0gJHmGn6m57/zhz/Kdvp9HS4Nl5fkQ+uIuA=",
        "owner": "divnix",
        "repo": "yants",
        "rev": "d18f356ec25cb94dc9c275870c3a7927a10f8c3c",
        "type": "github"
      },
      "original": {
        "owner": "divnix",
        "repo": "yants",
        "type": "github"
      }
    },
    "yants_3": {
      "inputs": {
        "nixpkgs": [
          "nixpkgs-hardenedlinux",
          "std-ext",
          "std",
          "nixpkgs"
        ]
      },
      "locked": {
        "lastModified": 1667096281,
        "narHash": "sha256-wRRec6ze0gJHmGn6m57/zhz/Kdvp9HS4Nl5fkQ+uIuA=",
        "owner": "divnix",
        "repo": "yants",
        "rev": "d18f356ec25cb94dc9c275870c3a7927a10f8c3c",
        "type": "github"
      },
      "original": {
        "owner": "divnix",
        "repo": "yants",
        "type": "github"
      }
    }
  },
  "root": "root",
  "version": 7
}
